
Microsoft Visual Studio Solution File, Format Version 12.00
# Visual Studio 15
VisualStudioVersion = 15.0.26730.12
MinimumVisualStudioVersion = 10.0.40219.1
Project("{FAE04EC0-301F-11D3-BF4B-00C04F79EFBC}") = "GapInsurance.Manager", "GapInsurance\GapInsurance.Manager.csproj", "{8C9AB6F8-DA2D-403F-9901-886384ADE5DB}"
EndProject
Project("{FAE04EC0-301F-11D3-BF4B-00C04F79EFBC}") = "GapInsurance.Data", "GapInsurance.Data\GapInsurance.Data.csproj", "{8CFEFE7B-7275-4A7D-9D0E-612774435512}"
EndProject
Project("{FAE04EC0-301F-11D3-BF4B-00C04F79EFBC}") = "GapInsurance.Models", "GapInsurance.Models\GapInsurance.Models.csproj", "{60E7C6F0-5E3D-4E7A-BAE1-EC747C1D17AD}"
EndProject
Project("{FAE04EC0-301F-11D3-BF4B-00C04F79EFBC}") = "GapInsurance.Service", "GapInsurance.Service\GapInsurance.Service.csproj", "{64FF5D5E-ADB9-4190-9DC6-2F9877DEF72E}"
EndProject
Project("{FAE04EC0-301F-11D3-BF4B-00C04F79EFBC}") = "GapInsurance.Web", "GapInsurance.Web\GapInsurance.Web.csproj", "{9E736144-2DE4-45FF-A8D0-39441CC84005}"
EndProject
Global
	GlobalSection(SolutionConfigurationPlatforms) = preSolution
		Debug|Any CPU = Debug|Any CPU
		Release|Any CPU = Release|Any CPU
	EndGlobalSection
	GlobalSection(ProjectConfigurationPlatforms) = postSolution
		{8C9AB6F8-DA2D-403F-9901-886384ADE5DB}.Debug|Any CPU.ActiveCfg = Debug|Any CPU
		{8C9AB6F8-DA2D-403F-9901-886384ADE5DB}.Debug|Any CPU.Build.0 = Debug|Any CPU
		{8C9AB6F8-DA2D-403F-9901-886384ADE5DB}.Release|Any CPU.ActiveCfg = Release|Any CPU
		{8C9AB6F8-DA2D-403F-9901-886384ADE5DB}.Release|Any CPU.Build.0 = Release|Any CPU
		{8CFEFE7B-7275-4A7D-9D0E-612774435512}.Debug|Any CPU.ActiveCfg = Debug|Any CPU
		{8CFEFE7B-7275-4A7D-9D0E-612774435512}.Debug|Any CPU.Build.0 = Debug|Any CPU
		{8CFEFE7B-7275-4A7D-9D0E-612774435512}.Release|Any CPU.ActiveCfg = Release|Any CPU
		{8CFEFE7B-7275-4A7D-9D0E-612774435512}.Release|Any CPU.Build.0 = Release|Any CPU
		{60E7C6F0-5E3D-4E7A-BAE1-EC747C1D17AD}.Debug|Any CPU.ActiveCfg = Debug|Any CPU
		{60E7C6F0-5E3D-4E7A-BAE1-EC747C1D17AD}.Debug|Any CPU.Build.0 = Debug|Any CPU
		{60E7C6F0-5E3D-4E7A-BAE1-EC747C1D17AD}.Release|Any CPU.ActiveCfg = Release|Any CPU
		{60E7C6F0-5E3D-4E7A-BAE1-EC747C1D17AD}.Release|Any CPU.Build.0 = Release|Any CPU
		{64FF5D5E-ADB9-4190-9DC6-2F9877DEF72E}.Debug|Any CPU.ActiveCfg = Debug|Any CPU
		{64FF5D5E-ADB9-4190-9DC6-2F9877DEF72E}.Debug|Any CPU.Build.0 = Debug|Any CPU
		{64FF5D5E-ADB9-4190-9DC6-2F9877DEF72E}.Release|Any CPU.ActiveCfg = Release|Any CPU
		{64FF5D5E-ADB9-4190-9DC6-2F9877DEF72E}.Release|Any CPU.Build.0 = Release|Any CPU
		{9E736144-2DE4-45FF-A8D0-39441CC84005}.Debug|Any CPU.ActiveCfg = Debug|Any CPU
		{9E736144-2DE4-45FF-A8D0-39441CC84005}.Debug|Any CPU.Build.0 = Debug|Any CPU
		{9E736144-2DE4-45FF-A8D0-39441CC84005}.Release|Any CPU.ActiveCfg = Release|Any CPU
		{9E736144-2DE4-45FF-A8D0-39441CC84005}.Release|Any CPU.Build.0 = Release|Any CPU
	EndGlobalSection
	GlobalSection(SolutionProperties) = preSolution
		HideSolutionNode = FALSE
	EndGlobalSection
	GlobalSection(ExtensibilityGlobals) = postSolution
		SolutionGuid = {6C1E7EAE-0B13-4AF9-95A5-B8E9A98A17AF}
	EndGlobalSection
EndGlobal
